
Microsoft Visual Studio Solution File, Format Version 12.00
# Visual Studio 15
VisualStudioVersion = 15.0.28307.902
MinimumVisualStudioVersion = 10.0.40219.1
Project("{FAE04EC0-301F-11D3-BF4B-00C04F79EFBC}") = "SAEANetworking", "SAEANetworking\SAEANetworking.csproj", "{1FC1A806-1DC9-45C8-8DB2-0C95486ED8FB}"
EndProject
Global
	GlobalSection(SolutionConfigurationPlatforms) = preSolution
		Debug|Any CPU = Debug|Any CPU
		Release|Any CPU = Release|Any CPU
	EndGlobalSection
	GlobalSection(ProjectConfigurationPlatforms) = postSolution
		{1FC1A806-1DC9-45C8-8DB2-0C95486ED8FB}.Debug|Any CPU.ActiveCfg = Debug|Any CPU
		{1FC1A806-1DC9-45C8-8DB2-0C95486ED8FB}.Debug|Any CPU.Build.0 = Debug|Any CPU
		{1FC1A806-1DC9-45C8-8DB2-0C95486ED8FB}.Release|Any CPU.ActiveCfg = Release|Any CPU
		{1FC1A806-1DC9-45C8-8DB2-0C95486ED8FB}.Release|Any CPU.Build.0 = Release|Any CPU
	EndGlobalSection
	GlobalSection(SolutionProperties) = preSolution
		HideSolutionNode = FALSE
	EndGlobalSection
	GlobalSection(ExtensibilityGlobals) = postSolution
		SolutionGuid = {E47F758A-CE8A-4DCD-9651-DA3BD47E8A3B}
	EndGlobalSection
EndGlobal
